{
  "requires": true,
  "lockfileVersion": 1,
  "dependencies": {
    "chart.js": {
      "version": "4.0.1",
      "resolved": "https://registry.npmjs.org/chart.js/-/chart.js-4.0.1.tgz",
      "integrity": "sha512-5/8/9eBivwBZK81mKvmIwTb2Pmw4D/5h1RK9fBWZLLZ8mCJ+kfYNmV9rMrGoa5Hgy2/wVDBMLSUDudul2/9ihA=="
    },
    "charts.css": {
      "version": "0.9.0",
      "resolved": "https://registry.npmjs.org/charts.css/-/charts.css-0.9.0.tgz",
      "integrity": "sha512-gOqyyRZGifTNCdyVdMwO6/9+5sHyue1csqOrCr7V/FwzuAiaj+gGL6DX7LGPXCHIQBumsM5/mKiIe/BadwzvzA=="
    }
  }
}
